
Microsoft Visual Studio Solution File, Format Version 12.00
# Visual Studio Version 16
VisualStudioVersion = 16.0.30523.141
MinimumVisualStudioVersion = 10.0.40219.1
Project("{FAE04EC0-301F-11D3-BF4B-00C04F79EFBC}") = "W03p03-klawiatura", "W03p03-klawiatura\W03p03-klawiatura.csproj", "{5E894B5D-98CD-4522-81A1-A1C7D649A618}"
EndProject
Global
	GlobalSection(SolutionConfigurationPlatforms) = preSolution
		Debug|Any CPU = Debug|Any CPU
		Release|Any CPU = Release|Any CPU
	EndGlobalSection
	GlobalSection(ProjectConfigurationPlatforms) = postSolution
		{5E894B5D-98CD-4522-81A1-A1C7D649A618}.Debug|Any CPU.ActiveCfg = Debug|Any CPU
		{5E894B5D-98CD-4522-81A1-A1C7D649A618}.Debug|Any CPU.Build.0 = Debug|Any CPU
		{5E894B5D-98CD-4522-81A1-A1C7D649A618}.Release|Any CPU.ActiveCfg = Release|Any CPU
		{5E894B5D-98CD-4522-81A1-A1C7D649A618}.Release|Any CPU.Build.0 = Release|Any CPU
	EndGlobalSection
	GlobalSection(SolutionProperties) = preSolution
		HideSolutionNode = FALSE
	EndGlobalSection
	GlobalSection(ExtensibilityGlobals) = postSolution
		SolutionGuid = {FEF62F5B-563E-4CCF-A7AE-766ED60645AE}
	EndGlobalSection
EndGlobal
