
Microsoft Visual Studio Solution File, Format Version 12.00
# Visual Studio Version 16
VisualStudioVersion = 16.0.30523.141
MinimumVisualStudioVersion = 10.0.40219.1
Project("{FAE04EC0-301F-11D3-BF4B-00C04F79EFBC}") = "W03p01-cykl_zycia", "W03p01-cykl_zycia\W03p01-cykl_zycia.csproj", "{50CD583E-DB44-47C5-9193-4C22D644B5CF}"
EndProject
Global
	GlobalSection(SolutionConfigurationPlatforms) = preSolution
		Debug|Any CPU = Debug|Any CPU
		Release|Any CPU = Release|Any CPU
	EndGlobalSection
	GlobalSection(ProjectConfigurationPlatforms) = postSolution
		{50CD583E-DB44-47C5-9193-4C22D644B5CF}.Debug|Any CPU.ActiveCfg = Debug|Any CPU
		{50CD583E-DB44-47C5-9193-4C22D644B5CF}.Debug|Any CPU.Build.0 = Debug|Any CPU
		{50CD583E-DB44-47C5-9193-4C22D644B5CF}.Release|Any CPU.ActiveCfg = Release|Any CPU
		{50CD583E-DB44-47C5-9193-4C22D644B5CF}.Release|Any CPU.Build.0 = Release|Any CPU
	EndGlobalSection
	GlobalSection(SolutionProperties) = preSolution
		HideSolutionNode = FALSE
	EndGlobalSection
	GlobalSection(ExtensibilityGlobals) = postSolution
		SolutionGuid = {1821CABF-7666-49D4-BF74-1AC0F725F959}
	EndGlobalSection
EndGlobal
