
Microsoft Visual Studio Solution File, Format Version 12.00
# Visual Studio Version 16
VisualStudioVersion = 16.0.30523.141
MinimumVisualStudioVersion = 10.0.40219.1
Project("{FAE04EC0-301F-11D3-BF4B-00C04F79EFBC}") = "W03p03-timer", "W03p03-timer\W03p03-timer.csproj", "{70C6919B-DEF3-4BA3-A7DD-2EEF483A1B99}"
EndProject
Global
	GlobalSection(SolutionConfigurationPlatforms) = preSolution
		Debug|Any CPU = Debug|Any CPU
		Release|Any CPU = Release|Any CPU
	EndGlobalSection
	GlobalSection(ProjectConfigurationPlatforms) = postSolution
		{70C6919B-DEF3-4BA3-A7DD-2EEF483A1B99}.Debug|Any CPU.ActiveCfg = Debug|Any CPU
		{70C6919B-DEF3-4BA3-A7DD-2EEF483A1B99}.Debug|Any CPU.Build.0 = Debug|Any CPU
		{70C6919B-DEF3-4BA3-A7DD-2EEF483A1B99}.Release|Any CPU.ActiveCfg = Release|Any CPU
		{70C6919B-DEF3-4BA3-A7DD-2EEF483A1B99}.Release|Any CPU.Build.0 = Release|Any CPU
	EndGlobalSection
	GlobalSection(SolutionProperties) = preSolution
		HideSolutionNode = FALSE
	EndGlobalSection
	GlobalSection(ExtensibilityGlobals) = postSolution
		SolutionGuid = {58C57182-F48A-497B-B39F-77C0F0B3DF30}
	EndGlobalSection
EndGlobal
